
Microsoft Visual Studio Solution File, Format Version 12.00
# Visual Studio 2015
Project("{FAE04EC0-301F-11D3-BF4B-00C04F79EFBC}") = "Project GameJam", "Project GameJam.csproj", "{5405A556-8BBF-DC7C-974A-FD6D37B35E72}"
EndProject
Global
	GlobalSection(SolutionConfigurationPlatforms) = preSolution
		Debug|Any CPU = Debug|Any CPU
		Release|Any CPU = Release|Any CPU
	EndGlobalSection
	GlobalSection(ProjectConfigurationPlatforms) = postSolution
		{5405A556-8BBF-DC7C-974A-FD6D37B35E72}.Debug|Any CPU.ActiveCfg = Debug|Any CPU
		{5405A556-8BBF-DC7C-974A-FD6D37B35E72}.Debug|Any CPU.Build.0 = Debug|Any CPU
		{5405A556-8BBF-DC7C-974A-FD6D37B35E72}.Release|Any CPU.ActiveCfg = Release|Any CPU
		{5405A556-8BBF-DC7C-974A-FD6D37B35E72}.Release|Any CPU.Build.0 = Release|Any CPU
	EndGlobalSection
	GlobalSection(SolutionProperties) = preSolution
		HideSolutionNode = FALSE
	EndGlobalSection
EndGlobal
